// !$*UTF8*$!
{
	archiveVersion = 1;
	classes = {
	};
	objectVersion = 50;
	objects = {

/* Begin PBXBuildFile section */
		705029D623E86ECF00EC952E /* AppDelegate.swift in Sources */ = {isa = PBXBuildFile; fileRef = 705029D523E86ECF00EC952E /* AppDelegate.swift */; };
		705029D823E86ECF00EC952E /* SceneDelegate.swift in Sources */ = {isa = PBXBuildFile; fileRef = 705029D723E86ECF00EC952E /* SceneDelegate.swift */; };
		705029DA23E86ECF00EC952E /* ContentView.swift in Sources */ = {isa = PBXBuildFile; fileRef = 705029D923E86ECF00EC952E /* ContentView.swift */; };
		705029DC23E86ED100EC952E /* Assets.xcassets in Resources */ = {isa = PBXBuildFile; fileRef = 705029DB23E86ED100EC952E /* Assets.xcassets */; };
		705029DF23E86ED100EC952E /* Preview Assets.xcassets in Resources */ = {isa = PBXBuildFile; fileRef = 705029DE23E86ED100EC952E /* Preview Assets.xcassets */; };
		705029E223E86ED100EC952E /* LaunchScreen.storyboard in Resources */ = {isa = PBXBuildFile; fileRef = 705029E023E86ED100EC952E /* LaunchScreen.storyboard */; };
		705029ED23E86ED200EC952E /* SwiftUIImageTests.swift in Sources */ = {isa = PBXBuildFile; fileRef = 705029EC23E86ED200EC952E /* SwiftUIImageTests.swift */; };
		705029F823E86ED200EC952E /* SwiftUIImageUITests.swift in Sources */ = {isa = PBXBuildFile; fileRef = 705029F723E86ED200EC952E /* SwiftUIImageUITests.swift */; };
/* End PBXBuildFile section */

/* Begin PBXContainerItemProxy section */
		705029E923E86ED200EC952E /* PBXContainerItemProxy */ = {
			isa = PBXContainerItemProxy;
			containerPortal = 705029CA23E86ECF00EC952E /* Project object */;
			proxyType = 1;
			remoteGlobalIDString = 705029D123E86ECF00EC952E;
			remoteInfo = SwiftUIImage;
		};
		705029F423E86ED200EC952E /* PBXContainerItemProxy */ = {
			isa = PBXContainerItemProxy;
			containerPortal = 705029CA23E86ECF00EC952E /* Project object */;
			proxyType = 1;
			remoteGlobalIDString = 705029D123E86ECF00EC952E;
			remoteInfo = SwiftUIImage;
		};
/* End PBXContainerItemProxy section */

/* Begin PBXFileReference section */
		705029D223E86ECF00EC952E /* SwiftUIImage.app */ = {isa = PBXFileReference; explicitFileType = wrapper.application; includeInIndex = 0; path = SwiftUIImage.app; sourceTree = BUILT_PRODUCTS_DIR; };
		705029D523E86ECF00EC952E /* AppDelegate.swift */ = {isa = PBXFileReference; lastKnownFileType = sourcecode.swift; path = AppDelegate.swift; sourceTree = "<group>"; };
		705029D723E86ECF00EC952E /* SceneDelegate.swift */ = {isa = PBXFileReference; lastKnownFileType = sourcecode.swift; path = SceneDelegate.swift; sourceTree = "<group>"; };
		705029D923E86ECF00EC952E /* ContentView.swift */ = {isa = PBXFileReference; lastKnownFileType = sourcecode.swift; path = ContentView.swift; sourceTree = "<group>"; };
		705029DB23E86ED100EC952E /* Assets.xcassets */ = {isa = PBXFileReference; lastKnownFileType = folder.assetcatalog; path = Assets.xcassets; sourceTree = "<group>"; };
		705029DE23E86ED100EC952E /* Preview Assets.xcassets */ = {isa = PBXFileReference; lastKnownFileType = folder.assetcatalog; path = "Preview Assets.xcassets"; sourceTree = "<group>"; };
		705029E123E86ED100EC952E /* Base */ = {isa = PBXFileReference; lastKnownFileType = file.storyboard; name = Base; path = Base.lproj/LaunchScreen.storyboard; sourceTree = "<group>"; };
		705029E323E86ED100EC952E /* Info.plist */ = {isa = PBXFileReference; lastKnownFileType = text.plist.xml; path = Info.plist; sourceTree = "<group>"; };
		705029E823E86ED200EC952E /* SwiftUIImageTests.xctest */ = {isa = PBXFileReference; explicitFileType = wrapper.cfbundle; includeInIndex = 0; path = SwiftUIImageTests.xctest; sourceTree = BUILT_PRODUCTS_DIR; };
		705029EC23E86ED200EC952E /* SwiftUIImageTests.swift */ = {isa = PBXFileReference; lastKnownFileType = sourcecode.swift; path = SwiftUIImageTests.swift; sourceTree = "<group>"; };
		705029EE23E86ED200EC952E /* Info.plist */ = {isa = PBXFileReference; lastKnownFileType = text.plist.xml; path = Info.plist; sourceTree = "<group>"; };
		705029F323E86ED200EC952E /* SwiftUIImageUITests.xctest */ = {isa = PBXFileReference; explicitFileType = wrapper.cfbundle; includeInIndex = 0; path = SwiftUIImageUITests.xctest; sourceTree = BUILT_PRODUCTS_DIR; };
		705029F723E86ED200EC952E /* SwiftUIImageUITests.swift */ = {isa = PBXFileReference; lastKnownFileType = sourcecode.swift; path = SwiftUIImageUITests.swift; sourceTree = "<group>"; };
		705029F923E86ED200EC952E /* Info.plist */ = {isa = PBXFileReference; lastKnownFileType = text.plist.xml; path = Info.plist; sourceTree = "<group>"; };
/* End PBXFileReference section */

/* Begin PBXFrameworksBuildPhase section */
		705029CF23E86ECF00EC952E /* Frameworks */ = {
			isa = PBXFrameworksBuildPhase;
			buildActionMask = 2147483647;
			files = (
			);
			runOnlyForDeploymentPostprocessing = 0;
		};
		705029E523E86ED200EC952E /* Frameworks */ = {
			isa = PBXFrameworksBuildPhase;
			buildActionMask = 2147483647;
			files = (
			);
			runOnlyForDeploymentPostprocessing = 0;
		};
		705029F023E86ED200EC952E /* Frameworks */ = {
			isa = PBXFrameworksBuildPhase;
			buildActionMask = 2147483647;
			files = (
			);
			runOnlyForDeploymentPostprocessing = 0;
		};
/* End PBXFrameworksBuildPhase section */

/* Begin PBXGroup section */
		705029C923E86ECF00EC952E = {
			isa = PBXGroup;
			children = (
				705029D423E86ECF00EC952E /* SwiftUIImage */,
				705029EB23E86ED200EC952E /* SwiftUIImageTests */,
				705029F623E86ED200EC952E /* SwiftUIImageUITests */,
				705029D323E86ECF00EC952E /* Products */,
			);
			sourceTree = "<group>";
		};
		705029D323E86ECF00EC952E /* Products */ = {
			isa = PBXGroup;
			children = (
				705029D223E86ECF00EC952E /* SwiftUIImage.app */,
				705029E823E86ED200EC952E /* SwiftUIImageTests.xctest */,
				705029F323E86ED200EC952E /* SwiftUIImageUITests.xctest */,
			);
			name = Products;
			sourceTree = "<group>";
		};
		705029D423E86ECF00EC952E /* SwiftUIImage */ = {
			isa = PBXGroup;
			children = (
				705029D523E86ECF00EC952E /* AppDelegate.swift */,
				705029D723E86ECF00EC952E /* SceneDelegate.swift */,
				705029D923E86ECF00EC952E /* ContentView.swift */,
				705029DB23E86ED100EC952E /* Assets.xcassets */,
				705029E023E86ED100EC952E /* LaunchScreen.storyboard */,
				705029E323E86ED100EC952E /* Info.plist */,
				705029DD23E86ED100EC952E /* Preview Content */,
			);
			path = SwiftUIImage;
			sourceTree = "<group>";
		};
		705029DD23E86ED100EC952E /* Preview Content */ = {
			isa = PBXGroup;
			children = (
				705029DE23E86ED100EC952E /* Preview Assets.xcassets */,
			);
			path = "Preview Content";
			sourceTree = "<group>";
		};
		705029EB23E86ED200EC952E /* SwiftUIImageTests */ = {
			isa = PBXGroup;
			children = (
				705029EC23E86ED200EC952E /* SwiftUIImageTests.swift */,
				705029EE23E86ED200EC952E /* Info.plist */,
			);
			path = SwiftUIImageTests;
			sourceTree = "<group>";
		};
		705029F623E86ED200EC952E /* SwiftUIImageUITests */ = {
			isa = PBXGroup;
			children = (
				705029F723E86ED200EC952E /* SwiftUIImageUITests.swift */,
				705029F923E86ED200EC952E /* Info.plist */,
			);
			path = SwiftUIImageUITests;
			sourceTree = "<group>";
		};
/* End PBXGroup section */

/* Begin PBXNativeTarget section */
		705029D123E86ECF00EC952E /* SwiftUIImage */ = {
			isa = PBXNativeTarget;
			buildConfigurationList = 705029FC23E86ED200EC952E /* Build configuration list for PBXNativeTarget "SwiftUIImage" */;
			buildPhases = (
				705029CE23E86ECF00EC952E /* Sources */,
				705029CF23E86ECF00EC952E /* Frameworks */,
				705029D023E86ECF00EC952E /* Resources */,
			);
			buildRules = (
			);
			dependencies = (
			);
			name = SwiftUIImage;
			productName = SwiftUIImage;
			productReference = 705029D223E86ECF00EC952E /* SwiftUIImage.app */;
			productType = "com.apple.product-type.application";
		};
		705029E723E86ED200EC952E /* SwiftUIImageTests */ = {
			isa = PBXNativeTarget;
			buildConfigurationList = 705029FF23E86ED200EC952E /* Build configuration list for PBXNativeTarget "SwiftUIImageTests" */;
			buildPhases = (
				705029E423E86ED200EC952E /* Sources */,
				705029E523E86ED200EC952E /* Frameworks */,
				705029E623E86ED200EC952E /* Resources */,
			);
			buildRules = (
			);
			dependencies = (
				705029EA23E86ED200EC952E /* PBXTargetDependency */,
			);
			name = SwiftUIImageTests;
			productName = SwiftUIImageTests;
			productReference = 705029E823E86ED200EC952E /* SwiftUIImageTests.xctest */;
			productType = "com.apple.product-type.bundle.unit-test";
		};
		705029F223E86ED200EC952E /* SwiftUIImageUITests */ = {
			isa = PBXNativeTarget;
			buildConfigurationList = 70502A0223E86ED200EC952E /* Build configuration list for PBXNativeTarget "SwiftUIImageUITests" */;
			buildPhases = (
				705029EF23E86ED200EC952E /* Sources */,
				705029F023E86ED200EC952E /* Frameworks */,
				705029F123E86ED200EC952E /* Resources */,
			);
			buildRules = (
			);
			dependencies = (
				705029F523E86ED200EC952E /* PBXTargetDependency */,
			);
			name = SwiftUIImageUITests;
			productName = SwiftUIImageUITests;
			productReference = 705029F323E86ED200EC952E /* SwiftUIImageUITests.xctest */;
			productType = "com.apple.product-type.bundle.ui-testing";
		};
/* End PBXNativeTarget section */

/* Begin PBXProject section */
		705029CA23E86ECF00EC952E /* Project object */ = {
			isa = PBXProject;
			attributes = {
				LastSwiftUpdateCheck = 1130;
				LastUpgradeCheck = 1130;
				ORGANIZATIONNAME = Charan;
				TargetAttributes = {
					705029D123E86ECF00EC952E = {
						CreatedOnToolsVersion = 11.3.1;
					};
					705029E723E86ED200EC952E = {
						CreatedOnToolsVersion = 11.3.1;
						TestTargetID = 705029D123E86ECF00EC952E;
					};
					705029F223E86ED200EC952E = {
						CreatedOnToolsVersion = 11.3.1;
						TestTargetID = 705029D123E86ECF00EC952E;
					};
				};
			};
			buildConfigurationList = 705029CD23E86ECF00EC952E /* Build configuration list for PBXProject "SwiftUIImage" */;
			compatibilityVersion = "Xcode 9.3";
			developmentRegion = en;
			hasScannedForEncodings = 0;
			knownRegions = (
				en,
				Base,
			);
			mainGroup = 705029C923E86ECF00EC952E;
			productRefGroup = 705029D323E86ECF00EC952E /* Products */;
			projectDirPath = "";
			projectRoot = "";
			targets = (
				705029D123E86ECF00EC952E /* SwiftUIImage */,
				705029E723E86ED200EC952E /* SwiftUIImageTests */,
				705029F223E86ED200EC952E /* SwiftUIImageUITests */,
			);
		};
/* End PBXProject section */

/* Begin PBXResourcesBuildPhase section */
		705029D023E86ECF00EC952E /* Resources */ = {
			isa = PBXResourcesBuildPhase;
			buildActionMask = 2147483647;
			files = (
				705029E223E86ED100EC952E /* LaunchScreen.storyboard in Resources */,
				705029DF23E86ED100EC952E /* Preview Assets.xcassets in Resources */,
				705029DC23E86ED100EC952E /* Assets.xcassets in Resources */,
			);
			runOnlyForDeploymentPostprocessing = 0;
		};
		705029E623E86ED200EC952E /* Resources */ = {
			isa = PBXResourcesBuildPhase;
			buildActionMask = 2147483647;
			files = (
			);
			runOnlyForDeploymentPostprocessing = 0;
		};
		705029F123E86ED200EC952E /* Resources */ = {
			isa = PBXResourcesBuildPhase;
			buildActionMask = 2147483647;
			files = (
			);
			runOnlyForDeploymentPostprocessing = 0;
		};
/* End PBXResourcesBuildPhase section */

/* Begin PBXSourcesBuildPhase section */
		705029CE23E86ECF00EC952E /* Sources */ = {
			isa = PBXSourcesBuildPhase;
			buildActionMask = 2147483647;
			files = (
				705029D623E86ECF00EC952E /* AppDelegate.swift in Sources */,
				705029D823E86ECF00EC952E /* SceneDelegate.swift in Sources */,
				705029DA23E86ECF00EC952E /* ContentView.swift in Sources */,
			);
			runOnlyForDeploymentPostprocessing = 0;
		};
		705029E423E86ED200EC952E /* Sources */ = {
			isa = PBXSourcesBuildPhase;
			buildActionMask = 2147483647;
			files = (
				705029ED23E86ED200EC952E /* SwiftUIImageTests.swift in Sources */,
			);
			runOnlyForDeploymentPostprocessing = 0;
		};
		705029EF23E86ED200EC952E /* Sources */ = {
			isa = PBXSourcesBuildPhase;
			buildActionMask = 2147483647;
			files = (
				705029F823E86ED200EC952E /* SwiftUIImageUITests.swift in Sources */,
			);
			runOnlyForDeploymentPostprocessing = 0;
		};
/* End PBXSourcesBuildPhase section */

/* Begin PBXTargetDependency section */
		705029EA23E86ED200EC952E /* PBXTargetDependency */ = {
			isa = PBXTargetDependency;
			target = 705029D123E86ECF00EC952E /* SwiftUIImage */;
			targetProxy = 705029E923E86ED200EC952E /* PBXContainerItemProxy */;
		};
		705029F523E86ED200EC952E /* PBXTargetDependency */ = {
			isa = PBXTargetDependency;
			target = 705029D123E86ECF00EC952E /* SwiftUIImage */;
			targetProxy = 705029F423E86ED200EC952E /* PBXContainerItemProxy */;
		};
/* End PBXTargetDependency section */

/* Begin PBXVariantGroup section */
		705029E023E86ED100EC952E /* LaunchScreen.storyboard */ = {
			isa = PBXVariantGroup;
			children = (
				705029E123E86ED100EC952E /* Base */,
			);
			name = LaunchScreen.storyboard;
			sourceTree = "<group>";
		};
/* End PBXVariantGroup section */

/* Begin XCBuildConfiguration section */
		705029FA23E86ED200EC952E /* Debug */ = {
			isa = XCBuildConfiguration;
			buildSettings = {
				ALWAYS_SEARCH_USER_PATHS = NO;
				CLANG_ANALYZER_NONNULL = YES;
				CLANG_ANALYZER_NUMBER_OBJECT_CONVERSION = YES_AGGRESSIVE;
				CLANG_CXX_LANGUAGE_STANDARD = "gnu++14";
				CLANG_CXX_LIBRARY = "libc++";
				CLANG_ENABLE_MODULES = YES;
				CLANG_ENABLE_OBJC_ARC = YES;
				CLANG_ENABLE_OBJC_WEAK = YES;
				CLANG_WARN_BLOCK_CAPTURE_AUTORELEASING = YES;
				CLANG_WARN_BOOL_CONVERSION = YES;
				CLANG_WARN_COMMA = YES;
				CLANG_WARN_CONSTANT_CONVERSION = YES;
				CLANG_WARN_DEPRECATED_OBJC_IMPLEMENTATIONS = YES;
				CLANG_WARN_DIRECT_OBJC_ISA_USAGE = YES_ERROR;
				CLANG_WARN_DOCUMENTATION_COMMENTS = YES;
				CLANG_WARN_EMPTY_BODY = YES;
				CLANG_WARN_ENUM_CONVERSION = YES;
				CLANG_WARN_INFINITE_RECURSION = YES;
				CLANG_WARN_INT_CONVERSION = YES;
				CLANG_WARN_NON_LITERAL_NULL_CONVERSION = YES;
				CLANG_WARN_OBJC_IMPLICIT_RETAIN_SELF = YES;
				CLANG_WARN_OBJC_LITERAL_CONVERSION = YES;
				CLANG_WARN_OBJC_ROOT_CLASS = YES_ERROR;
				CLANG_WARN_RANGE_LOOP_ANALYSIS = YES;
				CLANG_WARN_STRICT_PROTOTYPES = YES;
				CLANG_WARN_SUSPICIOUS_MOVE = YES;
				CLANG_WARN_UNGUARDED_AVAILABILITY = YES_AGGRESSIVE;
				CLANG_WARN_UNREACHABLE_CODE = YES;
				CLANG_WARN__DUPLICATE_METHOD_MATCH = YES;
				COPY_PHASE_STRIP = NO;
				DEBUG_INFORMATION_FORMAT = dwarf;
				ENABLE_STRICT_OBJC_MSGSEND = YES;
				ENABLE_TESTABILITY = YES;
				GCC_C_LANGUAGE_STANDARD = gnu11;
				GCC_DYNAMIC_NO_PIC = NO;
				GCC_NO_COMMON_BLOCKS = YES;
				GCC_OPTIMIZATION_LEVEL = 0;
				GCC_PREPROCESSOR_DEFINITIONS = (
					"DEBUG=1",
					"$(inherited)",
				);
				GCC_WARN_64_TO_32_BIT_CONVERSION = YES;
				GCC_WARN_ABOUT_RETURN_TYPE = YES_ERROR;
				GCC_WARN_UNDECLARED_SELECTOR = YES;
				GCC_WARN_UNINITIALIZED_AUTOS = YES_AGGRESSIVE;
				GCC_WARN_UNUSED_FUNCTION = YES;
				GCC_WARN_UNUSED_VARIABLE = YES;
				IPHONEOS_DEPLOYMENT_TARGET = 13.2;
				MTL_ENABLE_DEBUG_INFO = INCLUDE_SOURCE;
				MTL_FAST_MATH = YES;
				ONLY_ACTIVE_ARCH = YES;
				SDKROOT = iphoneos;
				SWIFT_ACTIVE_COMPILATION_CONDITIONS = DEBUG;
				SWIFT_OPTIMIZATION_LEVEL = "-Onone";
			};
			name = Debug;
		};
		705029FB23E86ED200EC952E /* Release */ = {
			isa = XCBuildConfiguration;
			buildSettings = {
				ALWAYS_SEARCH_USER_PATHS = NO;
				CLANG_ANALYZER_NONNULL = YES;
				CLANG_ANALYZER_NUMBER_OBJECT_CONVERSION = YES_AGGRESSIVE;
				CLANG_CXX_LANGUAGE_STANDARD = "gnu++14";
				CLANG_CXX_LIBRARY = "libc++";
				CLANG_ENABLE_MODULES = YES;
				CLANG_ENABLE_OBJC_ARC = YES;
				CLANG_ENABLE_OBJC_WEAK = YES;
				CLANG_WARN_BLOCK_CAPTURE_AUTORELEASING = YES;
				CLANG_WARN_BOOL_CONVERSION = YES;
				CLANG_WARN_COMMA = YES;
				CLANG_WARN_CONSTANT_CONVERSION = YES;
				CLANG_WARN_DEPRECATED_OBJC_IMPLEMENTATIONS = YES;
				CLANG_WARN_DIRECT_OBJC_ISA_USAGE = YES_ERROR;
				CLANG_WARN_DOCUMENTATION_COMMENTS = YES;
				CLANG_WARN_EMPTY_BODY = YES;
				CLANG_WARN_ENUM_CONVERSION = YES;
				CLANG_WARN_INFINITE_RECURSION = YES;
				CLANG_WARN_INT_CONVERSION = YES;
				CLANG_WARN_NON_LITERAL_NULL_CONVERSION = YES;
				CLANG_WARN_OBJC_IMPLICIT_RETAIN_SELF = YES;
				CLANG_WARN_OBJC_LITERAL_CONVERSION = YES;
				CLANG_WARN_OBJC_ROOT_CLASS = YES_ERROR;
				CLANG_WARN_RANGE_LOOP_ANALYSIS = YES;
				CLANG_WARN_STRICT_PROTOTYPES = YES;
				CLANG_WARN_SUSPICIOUS_MOVE = YES;
				CLANG_WARN_UNGUARDED_AVAILABILITY = YES_AGGRESSIVE;
				CLANG_WARN_UNREACHABLE_CODE = YES;
				CLANG_WARN__DUPLICATE_METHOD_MATCH = YES;
				COPY_PHASE_STRIP = NO;
				DEBUG_INFORMATION_FORMAT = "dwarf-with-dsym";
				ENABLE_NS_ASSERTIONS = NO;
				ENABLE_STRICT_OBJC_MSGSEND = YES;
				GCC_C_LANGUAGE_STANDARD = gnu11;
				GCC_NO_COMMON_BLOCKS = YES;
				GCC_WARN_64_TO_32_BIT_CONVERSION = YES;
				GCC_WARN_ABOUT_RETURN_TYPE = YES_ERROR;
				GCC_WARN_UNDECLARED_SELECTOR = YES;
				GCC_WARN_UNINITIALIZED_AUTOS = YES_AGGRESSIVE;
				GCC_WARN_UNUSED_FUNCTION = YES;
				GCC_WARN_UNUSED_VARIABLE = YES;
				IPHONEOS_DEPLOYMENT_TARGET = 13.2;
				MTL_ENABLE_DEBUG_INFO = NO;
				MTL_FAST_MATH = YES;
				SDKROOT = iphoneos;
				SWIFT_COMPILATION_MODE = wholemodule;
				SWIFT_OPTIMIZATION_LEVEL = "-O";
				VALIDATE_PRODUCT = YES;
			};
			name = Release;
		};
		705029FD23E86ED200EC952E /* Debug */ = {
			isa = XCBuildConfiguration;
			buildSettings = {
				ASSETCATALOG_COMPILER_APPICON_NAME = AppIcon;
				CODE_SIGN_STYLE = Automatic;
				DEVELOPMENT_ASSET_PATHS = "\"SwiftUIImage/Preview Content\"";
				ENABLE_PREVIEWS = YES;
				INFOPLIST_FILE = SwiftUIImage/Info.plist;
				LD_RUNPATH_SEARCH_PATHS = (
					"$(inherited)",
					"@executable_path/Frameworks",
				);
				PRODUCT_BUNDLE_IDENTIFIER = com.Uga.SwiftUIImage;
				PRODUCT_NAME = "$(TARGET_NAME)";
				SWIFT_VERSION = 5.0;
				TARGETED_DEVICE_FAMILY = "1,2";
			};
			name = Debug;
		};
		705029FE23E86ED200EC952E /* Release */ = {
			isa = XCBuildConfiguration;
			buildSettings = {
				ASSETCATALOG_COMPILER_APPICON_NAME = AppIcon;
				CODE_SIGN_STYLE = Automatic;
				DEVELOPMENT_ASSET_PATHS = "\"SwiftUIImage/Preview Content\"";
				ENABLE_PREVIEWS = YES;
				INFOPLIST_FILE = SwiftUIImage/Info.plist;
				LD_RUNPATH_SEARCH_PATHS = (
					"$(inherited)",
					"@executable_path/Frameworks",
				);
				PRODUCT_BUNDLE_IDENTIFIER = com.Uga.SwiftUIImage;
				PRODUCT_NAME = "$(TARGET_NAME)";
				SWIFT_VERSION = 5.0;
				TARGETED_DEVICE_FAMILY = "1,2";
			};
			name = Release;
		};
		70502A0023E86ED200EC952E /* Debug */ = {
			isa = XCBuildConfiguration;
			buildSettings = {
				ALWAYS_EMBED_SWIFT_STANDARD_LIBRARIES = YES;
				BUNDLE_LOADER = "$(TEST_HOST)";
				CODE_SIGN_STYLE = Automatic;
				INFOPLIST_FILE = SwiftUIImageTests/Info.plist;
				IPHONEOS_DEPLOYMENT_TARGET = 13.2;
				LD_RUNPATH_SEARCH_PATHS = (
					"$(inherited)",
					"@executable_path/Frameworks",
					"@loader_path/Frameworks",
				);
				PRODUCT_BUNDLE_IDENTIFIER = com.Uga.SwiftUIImageTests;
				PRODUCT_NAME = "$(TARGET_NAME)";
				SWIFT_VERSION = 5.0;
				TARGETED_DEVICE_FAMILY = "1,2";
				TEST_HOST = "$(BUILT_PRODUCTS_DIR)/SwiftUIImage.app/SwiftUIImage";
			};
			name = Debug;
		};
		70502A0123E86ED200EC952E /* Release */ = {
			isa = XCBuildConfiguration;
			buildSettings = {
				ALWAYS_EMBED_SWIFT_STANDARD_LIBRARIES = YES;
				BUNDLE_LOADER = "$(TEST_HOST)";
				CODE_SIGN_STYLE = Automatic;
				INFOPLIST_FILE = SwiftUIImageTests/Info.plist;
				IPHONEOS_DEPLOYMENT_TARGET = 13.2;
				LD_RUNPATH_SEARCH_PATHS = (
					"$(inherited)",
					"@executable_path/Frameworks",
					"@loader_path/Frameworks",
				);
				PRODUCT_BUNDLE_IDENTIFIER = com.Uga.SwiftUIImageTests;
				PRODUCT_NAME = "$(TARGET_NAME)";
				SWIFT_VERSION = 5.0;
				TARGETED_DEVICE_FAMILY = "1,2";
				TEST_HOST = "$(BUILT_PRODUCTS_DIR)/SwiftUIImage.app/SwiftUIImage";
			};
			name = Release;
		};
		70502A0323E86ED200EC952E /* Debug */ = {
			isa = XCBuildConfiguration;
			buildSettings = {
				ALWAYS_EMBED_SWIFT_STANDARD_LIBRARIES = YES;
				CODE_SIGN_STYLE = Automatic;
				INFOPLIST_FILE = SwiftUIImageUITests/Info.plist;
				LD_RUNPATH_SEARCH_PATHS = (
					"$(inherited)",
					"@executable_path/Frameworks",
					"@loader_path/Frameworks",
				);
				PRODUCT_BUNDLE_IDENTIFIER = com.Uga.SwiftUIImageUITests;
				PRODUCT_NAME = "$(TARGET_NAME)";
				SWIFT_VERSION = 5.0;
				TARGETED_DEVICE_FAMILY = "1,2";
				TEST_TARGET_NAME = SwiftUIImage;
			};
			name = Debug;
		};
		70502A0423E86ED200EC952E /* Release */ = {
			isa = XCBuildConfiguration;
			buildSettings = {
				ALWAYS_EMBED_SWIFT_STANDARD_LIBRARIES = YES;
				CODE_SIGN_STYLE = Automatic;
				INFOPLIST_FILE = SwiftUIImageUITests/Info.plist;
				LD_RUNPATH_SEARCH_PATHS = (
					"$(inherited)",
					"@executable_path/Frameworks",
					"@loader_path/Frameworks",
				);
				PRODUCT_BUNDLE_IDENTIFIER = com.Uga.SwiftUIImageUITests;
				PRODUCT_NAME = "$(TARGET_NAME)";
				SWIFT_VERSION = 5.0;
				TARGETED_DEVICE_FAMILY = "1,2";
				TEST_TARGET_NAME = SwiftUIImage;
			};
			name = Release;
		};
/* End XCBuildConfiguration section */

/* Begin XCConfigurationList section */
		705029CD23E86ECF00EC952E /* Build configuration list for PBXProject "SwiftUIImage" */ = {
			isa = XCConfigurationList;
			buildConfigurations = (
				705029FA23E86ED200EC952E /* Debug */,
				705029FB23E86ED200EC952E /* Release */,
			);
			defaultConfigurationIsVisible = 0;
			defaultConfigurationName = Release;
		};
		705029FC23E86ED200EC952E /* Build configuration list for PBXNativeTarget "SwiftUIImage" */ = {
			isa = XCConfigurationList;
			buildConfigurations = (
				705029FD23E86ED200EC952E /* Debug */,
				705029FE23E86ED200EC952E /* Release */,
			);
			defaultConfigurationIsVisible = 0;
			defaultConfigurationName = Release;
		};
		705029FF23E86ED200EC952E /* Build configuration list for PBXNativeTarget "SwiftUIImageTests" */ = {
			isa = XCConfigurationList;
			buildConfigurations = (
				70502A0023E86ED200EC952E /* Debug */,
				70502A0123E86ED200EC952E /* Release */,
			);
			defaultConfigurationIsVisible = 0;
			defaultConfigurationName = Release;
		};
		70502A0223E86ED200EC952E /* Build configuration list for PBXNativeTarget "SwiftUIImageUITests" */ = {
			isa = XCConfigurationList;
			buildConfigurations = (
				70502A0323E86ED200EC952E /* Debug */,
				70502A0423E86ED200EC952E /* Release */,
			);
			defaultConfigurationIsVisible = 0;
			defaultConfigurationName = Release;
		};
/* End XCConfigurationList section */
	};
	rootObject = 705029CA23E86ECF00EC952E /* Project object */;
}
