// !$*UTF8*$!
{
	archiveVersion = 1;
	classes = {
	};
	objectVersion = 52;
	objects = {

/* Begin PBXBuildFile section */
		7058221C2453663D00B4225E /* AppDelegate.swift in Sources */ = {isa = PBXBuildFile; fileRef = 7058221B2453663D00B4225E /* AppDelegate.swift */; };
		7058221E2453663D00B4225E /* SceneDelegate.swift in Sources */ = {isa = PBXBuildFile; fileRef = 7058221D2453663D00B4225E /* SceneDelegate.swift */; };
		705822202453663D00B4225E /* ContentView.swift in Sources */ = {isa = PBXBuildFile; fileRef = 7058221F2453663D00B4225E /* ContentView.swift */; };
		705822222453664200B4225E /* Assets.xcassets in Resources */ = {isa = PBXBuildFile; fileRef = 705822212453664200B4225E /* Assets.xcassets */; };
		705822252453664200B4225E /* Preview Assets.xcassets in Resources */ = {isa = PBXBuildFile; fileRef = 705822242453664200B4225E /* Preview Assets.xcassets */; };
		705822282453664200B4225E /* LaunchScreen.storyboard in Resources */ = {isa = PBXBuildFile; fileRef = 705822262453664200B4225E /* LaunchScreen.storyboard */; };
		705822312453667800B4225E /* SwiftUICharts in Frameworks */ = {isa = PBXBuildFile; productRef = 705822302453667800B4225E /* SwiftUICharts */; };
/* End PBXBuildFile section */

/* Begin PBXFileReference section */
		705822182453663D00B4225E /* Covid19.app */ = {isa = PBXFileReference; explicitFileType = wrapper.application; includeInIndex = 0; path = Covid19.app; sourceTree = BUILT_PRODUCTS_DIR; };
		7058221B2453663D00B4225E /* AppDelegate.swift */ = {isa = PBXFileReference; lastKnownFileType = sourcecode.swift; path = AppDelegate.swift; sourceTree = "<group>"; };
		7058221D2453663D00B4225E /* SceneDelegate.swift */ = {isa = PBXFileReference; lastKnownFileType = sourcecode.swift; path = SceneDelegate.swift; sourceTree = "<group>"; };
		7058221F2453663D00B4225E /* ContentView.swift */ = {isa = PBXFileReference; lastKnownFileType = sourcecode.swift; path = ContentView.swift; sourceTree = "<group>"; };
		705822212453664200B4225E /* Assets.xcassets */ = {isa = PBXFileReference; lastKnownFileType = folder.assetcatalog; path = Assets.xcassets; sourceTree = "<group>"; };
		705822242453664200B4225E /* Preview Assets.xcassets */ = {isa = PBXFileReference; lastKnownFileType = folder.assetcatalog; path = "Preview Assets.xcassets"; sourceTree = "<group>"; };
		705822272453664200B4225E /* Base */ = {isa = PBXFileReference; lastKnownFileType = file.storyboard; name = Base; path = Base.lproj/LaunchScreen.storyboard; sourceTree = "<group>"; };
		705822292453664200B4225E /* Info.plist */ = {isa = PBXFileReference; lastKnownFileType = text.plist.xml; path = Info.plist; sourceTree = "<group>"; };
/* End PBXFileReference section */

/* Begin PBXFrameworksBuildPhase section */
		705822152453663D00B4225E /* Frameworks */ = {
			isa = PBXFrameworksBuildPhase;
			buildActionMask = 2147483647;
			files = (
				705822312453667800B4225E /* SwiftUICharts in Frameworks */,
			);
			runOnlyForDeploymentPostprocessing = 0;
		};
/* End PBXFrameworksBuildPhase section */

/* Begin PBXGroup section */
		7058220F2453663D00B4225E = {
			isa = PBXGroup;
			children = (
				7058221A2453663D00B4225E /* Covid19 */,
				705822192453663D00B4225E /* Products */,
			);
			sourceTree = "<group>";
		};
		705822192453663D00B4225E /* Products */ = {
			isa = PBXGroup;
			children = (
				705822182453663D00B4225E /* Covid19.app */,
			);
			name = Products;
			sourceTree = "<group>";
		};
		7058221A2453663D00B4225E /* Covid19 */ = {
			isa = PBXGroup;
			children = (
				7058221B2453663D00B4225E /* AppDelegate.swift */,
				7058221D2453663D00B4225E /* SceneDelegate.swift */,
				7058221F2453663D00B4225E /* ContentView.swift */,
				705822212453664200B4225E /* Assets.xcassets */,
				705822262453664200B4225E /* LaunchScreen.storyboard */,
				705822292453664200B4225E /* Info.plist */,
				705822232453664200B4225E /* Preview Content */,
			);
			path = Covid19;
			sourceTree = "<group>";
		};
		705822232453664200B4225E /* Preview Content */ = {
			isa = PBXGroup;
			children = (
				705822242453664200B4225E /* Preview Assets.xcassets */,
			);
			path = "Preview Content";
			sourceTree = "<group>";
		};
/* End PBXGroup section */

/* Begin PBXNativeTarget section */
		705822172453663D00B4225E /* Covid19 */ = {
			isa = PBXNativeTarget;
			buildConfigurationList = 7058222C2453664200B4225E /* Build configuration list for PBXNativeTarget "Covid19" */;
			buildPhases = (
				705822142453663D00B4225E /* Sources */,
				705822152453663D00B4225E /* Frameworks */,
				705822162453663D00B4225E /* Resources */,
			);
			buildRules = (
			);
			dependencies = (
			);
			name = Covid19;
			packageProductDependencies = (
				705822302453667800B4225E /* SwiftUICharts */,
			);
			productName = Covid19;
			productReference = 705822182453663D00B4225E /* Covid19.app */;
			productType = "com.apple.product-type.application";
		};
/* End PBXNativeTarget section */

/* Begin PBXProject section */
		705822102453663D00B4225E /* Project object */ = {
			isa = PBXProject;
			attributes = {
				LastSwiftUpdateCheck = 1140;
				LastUpgradeCheck = 1140;
				ORGANIZATIONNAME = Charan;
				TargetAttributes = {
					705822172453663D00B4225E = {
						CreatedOnToolsVersion = 11.4;
					};
				};
			};
			buildConfigurationList = 705822132453663D00B4225E /* Build configuration list for PBXProject "Covid19" */;
			compatibilityVersion = "Xcode 9.3";
			developmentRegion = en;
			hasScannedForEncodings = 0;
			knownRegions = (
				en,
				Base,
			);
			mainGroup = 7058220F2453663D00B4225E;
			packageReferences = (
				7058222F2453667800B4225E /* XCRemoteSwiftPackageReference "ChartView" */,
			);
			productRefGroup = 705822192453663D00B4225E /* Products */;
			projectDirPath = "";
			projectRoot = "";
			targets = (
				705822172453663D00B4225E /* Covid19 */,
			);
		};
/* End PBXProject section */

/* Begin PBXResourcesBuildPhase section */
		705822162453663D00B4225E /* Resources */ = {
			isa = PBXResourcesBuildPhase;
			buildActionMask = 2147483647;
			files = (
				705822282453664200B4225E /* LaunchScreen.storyboard in Resources */,
				705822252453664200B4225E /* Preview Assets.xcassets in Resources */,
				705822222453664200B4225E /* Assets.xcassets in Resources */,
			);
			runOnlyForDeploymentPostprocessing = 0;
		};
/* End PBXResourcesBuildPhase section */

/* Begin PBXSourcesBuildPhase section */
		705822142453663D00B4225E /* Sources */ = {
			isa = PBXSourcesBuildPhase;
			buildActionMask = 2147483647;
			files = (
				7058221C2453663D00B4225E /* AppDelegate.swift in Sources */,
				7058221E2453663D00B4225E /* SceneDelegate.swift in Sources */,
				705822202453663D00B4225E /* ContentView.swift in Sources */,
			);
			runOnlyForDeploymentPostprocessing = 0;
		};
/* End PBXSourcesBuildPhase section */

/* Begin PBXVariantGroup section */
		705822262453664200B4225E /* LaunchScreen.storyboard */ = {
			isa = PBXVariantGroup;
			children = (
				705822272453664200B4225E /* Base */,
			);
			name = LaunchScreen.storyboard;
			sourceTree = "<group>";
		};
/* End PBXVariantGroup section */

/* Begin XCBuildConfiguration section */
		7058222A2453664200B4225E /* Debug */ = {
			isa = XCBuildConfiguration;
			buildSettings = {
				ALWAYS_SEARCH_USER_PATHS = NO;
				CLANG_ANALYZER_NONNULL = YES;
				CLANG_ANALYZER_NUMBER_OBJECT_CONVERSION = YES_AGGRESSIVE;
				CLANG_CXX_LANGUAGE_STANDARD = "gnu++14";
				CLANG_CXX_LIBRARY = "libc++";
				CLANG_ENABLE_MODULES = YES;
				CLANG_ENABLE_OBJC_ARC = YES;
				CLANG_ENABLE_OBJC_WEAK = YES;
				CLANG_WARN_BLOCK_CAPTURE_AUTORELEASING = YES;
				CLANG_WARN_BOOL_CONVERSION = YES;
				CLANG_WARN_COMMA = YES;
				CLANG_WARN_CONSTANT_CONVERSION = YES;
				CLANG_WARN_DEPRECATED_OBJC_IMPLEMENTATIONS = YES;
				CLANG_WARN_DIRECT_OBJC_ISA_USAGE = YES_ERROR;
				CLANG_WARN_DOCUMENTATION_COMMENTS = YES;
				CLANG_WARN_EMPTY_BODY = YES;
				CLANG_WARN_ENUM_CONVERSION = YES;
				CLANG_WARN_INFINITE_RECURSION = YES;
				CLANG_WARN_INT_CONVERSION = YES;
				CLANG_WARN_NON_LITERAL_NULL_CONVERSION = YES;
				CLANG_WARN_OBJC_IMPLICIT_RETAIN_SELF = YES;
				CLANG_WARN_OBJC_LITERAL_CONVERSION = YES;
				CLANG_WARN_OBJC_ROOT_CLASS = YES_ERROR;
				CLANG_WARN_RANGE_LOOP_ANALYSIS = YES;
				CLANG_WARN_STRICT_PROTOTYPES = YES;
				CLANG_WARN_SUSPICIOUS_MOVE = YES;
				CLANG_WARN_UNGUARDED_AVAILABILITY = YES_AGGRESSIVE;
				CLANG_WARN_UNREACHABLE_CODE = YES;
				CLANG_WARN__DUPLICATE_METHOD_MATCH = YES;
				COPY_PHASE_STRIP = NO;
				DEBUG_INFORMATION_FORMAT = dwarf;
				ENABLE_STRICT_OBJC_MSGSEND = YES;
				ENABLE_TESTABILITY = YES;
				GCC_C_LANGUAGE_STANDARD = gnu11;
				GCC_DYNAMIC_NO_PIC = NO;
				GCC_NO_COMMON_BLOCKS = YES;
				GCC_OPTIMIZATION_LEVEL = 0;
				GCC_PREPROCESSOR_DEFINITIONS = (
					"DEBUG=1",
					"$(inherited)",
				);
				GCC_WARN_64_TO_32_BIT_CONVERSION = YES;
				GCC_WARN_ABOUT_RETURN_TYPE = YES_ERROR;
				GCC_WARN_UNDECLARED_SELECTOR = YES;
				GCC_WARN_UNINITIALIZED_AUTOS = YES_AGGRESSIVE;
				GCC_WARN_UNUSED_FUNCTION = YES;
				GCC_WARN_UNUSED_VARIABLE = YES;
				IPHONEOS_DEPLOYMENT_TARGET = 13.4;
				MTL_ENABLE_DEBUG_INFO = INCLUDE_SOURCE;
				MTL_FAST_MATH = YES;
				ONLY_ACTIVE_ARCH = YES;
				SDKROOT = iphoneos;
				SWIFT_ACTIVE_COMPILATION_CONDITIONS = DEBUG;
				SWIFT_OPTIMIZATION_LEVEL = "-Onone";
			};
			name = Debug;
		};
		7058222B2453664200B4225E /* Release */ = {
			isa = XCBuildConfiguration;
			buildSettings = {
				ALWAYS_SEARCH_USER_PATHS = NO;
				CLANG_ANALYZER_NONNULL = YES;
				CLANG_ANALYZER_NUMBER_OBJECT_CONVERSION = YES_AGGRESSIVE;
				CLANG_CXX_LANGUAGE_STANDARD = "gnu++14";
				CLANG_CXX_LIBRARY = "libc++";
				CLANG_ENABLE_MODULES = YES;
				CLANG_ENABLE_OBJC_ARC = YES;
				CLANG_ENABLE_OBJC_WEAK = YES;
				CLANG_WARN_BLOCK_CAPTURE_AUTORELEASING = YES;
				CLANG_WARN_BOOL_CONVERSION = YES;
				CLANG_WARN_COMMA = YES;
				CLANG_WARN_CONSTANT_CONVERSION = YES;
				CLANG_WARN_DEPRECATED_OBJC_IMPLEMENTATIONS = YES;
				CLANG_WARN_DIRECT_OBJC_ISA_USAGE = YES_ERROR;
				CLANG_WARN_DOCUMENTATION_COMMENTS = YES;
				CLANG_WARN_EMPTY_BODY = YES;
				CLANG_WARN_ENUM_CONVERSION = YES;
				CLANG_WARN_INFINITE_RECURSION = YES;
				CLANG_WARN_INT_CONVERSION = YES;
				CLANG_WARN_NON_LITERAL_NULL_CONVERSION = YES;
				CLANG_WARN_OBJC_IMPLICIT_RETAIN_SELF = YES;
				CLANG_WARN_OBJC_LITERAL_CONVERSION = YES;
				CLANG_WARN_OBJC_ROOT_CLASS = YES_ERROR;
				CLANG_WARN_RANGE_LOOP_ANALYSIS = YES;
				CLANG_WARN_STRICT_PROTOTYPES = YES;
				CLANG_WARN_SUSPICIOUS_MOVE = YES;
				CLANG_WARN_UNGUARDED_AVAILABILITY = YES_AGGRESSIVE;
				CLANG_WARN_UNREACHABLE_CODE = YES;
				CLANG_WARN__DUPLICATE_METHOD_MATCH = YES;
				COPY_PHASE_STRIP = NO;
				DEBUG_INFORMATION_FORMAT = "dwarf-with-dsym";
				ENABLE_NS_ASSERTIONS = NO;
				ENABLE_STRICT_OBJC_MSGSEND = YES;
				GCC_C_LANGUAGE_STANDARD = gnu11;
				GCC_NO_COMMON_BLOCKS = YES;
				GCC_WARN_64_TO_32_BIT_CONVERSION = YES;
				GCC_WARN_ABOUT_RETURN_TYPE = YES_ERROR;
				GCC_WARN_UNDECLARED_SELECTOR = YES;
				GCC_WARN_UNINITIALIZED_AUTOS = YES_AGGRESSIVE;
				GCC_WARN_UNUSED_FUNCTION = YES;
				GCC_WARN_UNUSED_VARIABLE = YES;
				IPHONEOS_DEPLOYMENT_TARGET = 13.4;
				MTL_ENABLE_DEBUG_INFO = NO;
				MTL_FAST_MATH = YES;
				SDKROOT = iphoneos;
				SWIFT_COMPILATION_MODE = wholemodule;
				SWIFT_OPTIMIZATION_LEVEL = "-O";
				VALIDATE_PRODUCT = YES;
			};
			name = Release;
		};
		7058222D2453664200B4225E /* Debug */ = {
			isa = XCBuildConfiguration;
			buildSettings = {
				ASSETCATALOG_COMPILER_APPICON_NAME = AppIcon;
				CODE_SIGN_STYLE = Automatic;
				DEVELOPMENT_ASSET_PATHS = "\"Covid19/Preview Content\"";
				ENABLE_PREVIEWS = YES;
				INFOPLIST_FILE = Covid19/Info.plist;
				LD_RUNPATH_SEARCH_PATHS = (
					"$(inherited)",
					"@executable_path/Frameworks",
				);
				PRODUCT_BUNDLE_IDENTIFIER = com.uga.Covid19;
				PRODUCT_NAME = "$(TARGET_NAME)";
				SWIFT_VERSION = 5.0;
				TARGETED_DEVICE_FAMILY = "1,2";
			};
			name = Debug;
		};
		7058222E2453664200B4225E /* Release */ = {
			isa = XCBuildConfiguration;
			buildSettings = {
				ASSETCATALOG_COMPILER_APPICON_NAME = AppIcon;
				CODE_SIGN_STYLE = Automatic;
				DEVELOPMENT_ASSET_PATHS = "\"Covid19/Preview Content\"";
				ENABLE_PREVIEWS = YES;
				INFOPLIST_FILE = Covid19/Info.plist;
				LD_RUNPATH_SEARCH_PATHS = (
					"$(inherited)",
					"@executable_path/Frameworks",
				);
				PRODUCT_BUNDLE_IDENTIFIER = com.uga.Covid19;
				PRODUCT_NAME = "$(TARGET_NAME)";
				SWIFT_VERSION = 5.0;
				TARGETED_DEVICE_FAMILY = "1,2";
			};
			name = Release;
		};
/* End XCBuildConfiguration section */

/* Begin XCConfigurationList section */
		705822132453663D00B4225E /* Build configuration list for PBXProject "Covid19" */ = {
			isa = XCConfigurationList;
			buildConfigurations = (
				7058222A2453664200B4225E /* Debug */,
				7058222B2453664200B4225E /* Release */,
			);
			defaultConfigurationIsVisible = 0;
			defaultConfigurationName = Release;
		};
		7058222C2453664200B4225E /* Build configuration list for PBXNativeTarget "Covid19" */ = {
			isa = XCConfigurationList;
			buildConfigurations = (
				7058222D2453664200B4225E /* Debug */,
				7058222E2453664200B4225E /* Release */,
			);
			defaultConfigurationIsVisible = 0;
			defaultConfigurationName = Release;
		};
/* End XCConfigurationList section */

/* Begin XCRemoteSwiftPackageReference section */
		7058222F2453667800B4225E /* XCRemoteSwiftPackageReference "ChartView" */ = {
			isa = XCRemoteSwiftPackageReference;
			repositoryURL = "https://github.com/AppPear/ChartView";
			requirement = {
				kind = upToNextMajorVersion;
				minimumVersion = 1.5.0;
			};
		};
/* End XCRemoteSwiftPackageReference section */

/* Begin XCSwiftPackageProductDependency section */
		705822302453667800B4225E /* SwiftUICharts */ = {
			isa = XCSwiftPackageProductDependency;
			package = 7058222F2453667800B4225E /* XCRemoteSwiftPackageReference "ChartView" */;
			productName = SwiftUICharts;
		};
/* End XCSwiftPackageProductDependency section */
	};
	rootObject = 705822102453663D00B4225E /* Project object */;
}
